
Microsoft Visual Studio Solution File, Format Version 12.00
# Visual Studio Version 17
VisualStudioVersion = 17.8.34322.80
MinimumVisualStudioVersion = 10.0.40219.1
Project("{FAE04EC0-301F-11D3-BF4B-00C04F79EFBC}") = "LiveWebScoreboardImport", "LiveWebScoreboardImport\LiveWebScoreboardImport.csproj", "{6700CD75-C4A8-47F3-9BFF-3F6845CD1D69}"
EndProject
Global
	GlobalSection(SolutionConfigurationPlatforms) = preSolution
		Debug|Any CPU = Debug|Any CPU
		Release|Any CPU = Release|Any CPU
	EndGlobalSection
	GlobalSection(ProjectConfigurationPlatforms) = postSolution
		{6700CD75-C4A8-47F3-9BFF-3F6845CD1D69}.Debug|Any CPU.ActiveCfg = Debug|Any CPU
		{6700CD75-C4A8-47F3-9BFF-3F6845CD1D69}.Debug|Any CPU.Build.0 = Debug|Any CPU
		{6700CD75-C4A8-47F3-9BFF-3F6845CD1D69}.Release|Any CPU.ActiveCfg = Release|Any CPU
		{6700CD75-C4A8-47F3-9BFF-3F6845CD1D69}.Release|Any CPU.Build.0 = Release|Any CPU
	EndGlobalSection
	GlobalSection(SolutionProperties) = preSolution
		HideSolutionNode = FALSE
	EndGlobalSection
	GlobalSection(ExtensibilityGlobals) = postSolution
		SolutionGuid = {5FF86673-2198-4BC6-9972-F78B38A8204D}
	EndGlobalSection
EndGlobal
